
Microsoft Visual Studio Solution File, Format Version 12.00
# Visual Studio Version 17
VisualStudioVersion = 17.3.32825.248
MinimumVisualStudioVersion = 10.0.40219.1
Project("{FAE04EC0-301F-11D3-BF4B-00C04F79EFBC}") = "Training_Practice_2_Part2", "Training_Practice_2_Part2.csproj", "{B2F52B21-7F6B-4A1B-88E7-4C62EC49B752}"
EndProject
Global
	GlobalSection(SolutionConfigurationPlatforms) = preSolution
		Debug|Any CPU = Debug|Any CPU
		Release|Any CPU = Release|Any CPU
	EndGlobalSection
	GlobalSection(ProjectConfigurationPlatforms) = postSolution
		{B2F52B21-7F6B-4A1B-88E7-4C62EC49B752}.Debug|Any CPU.ActiveCfg = Debug|Any CPU
		{B2F52B21-7F6B-4A1B-88E7-4C62EC49B752}.Debug|Any CPU.Build.0 = Debug|Any CPU
		{B2F52B21-7F6B-4A1B-88E7-4C62EC49B752}.Release|Any CPU.ActiveCfg = Release|Any CPU
		{B2F52B21-7F6B-4A1B-88E7-4C62EC49B752}.Release|Any CPU.Build.0 = Release|Any CPU
	EndGlobalSection
	GlobalSection(SolutionProperties) = preSolution
		HideSolutionNode = FALSE
	EndGlobalSection
	GlobalSection(ExtensibilityGlobals) = postSolution
		SolutionGuid = {F360E6B9-7952-4476-9D7F-FAE5123B9343}
	EndGlobalSection
EndGlobal
